
Microsoft Visual Studio Solution File, Format Version 12.00
# Visual Studio 15
VisualStudioVersion = 15.0.28307.1800
MinimumVisualStudioVersion = 10.0.40219.1
Project("{FAE04EC0-301F-11D3-BF4B-00C04F79EFBC}") = "CAppGasStation", "CAppGasStation\CAppGasStation.csproj", "{1494A3C0-A304-4B30-99F7-FDEDD67CC88E}"
EndProject
Project("{FAE04EC0-301F-11D3-BF4B-00C04F79EFBC}") = "Common.GasStation", "Common.GasStation\Common.GasStation.csproj", "{00683F73-1001-4CBE-93E2-C171AA9F2D40}"
EndProject
Global
	GlobalSection(SolutionConfigurationPlatforms) = preSolution
		Debug|Any CPU = Debug|Any CPU
		Release|Any CPU = Release|Any CPU
	EndGlobalSection
	GlobalSection(ProjectConfigurationPlatforms) = postSolution
		{1494A3C0-A304-4B30-99F7-FDEDD67CC88E}.Debug|Any CPU.ActiveCfg = Debug|Any CPU
		{1494A3C0-A304-4B30-99F7-FDEDD67CC88E}.Debug|Any CPU.Build.0 = Debug|Any CPU
		{1494A3C0-A304-4B30-99F7-FDEDD67CC88E}.Release|Any CPU.ActiveCfg = Release|Any CPU
		{1494A3C0-A304-4B30-99F7-FDEDD67CC88E}.Release|Any CPU.Build.0 = Release|Any CPU
		{00683F73-1001-4CBE-93E2-C171AA9F2D40}.Debug|Any CPU.ActiveCfg = Debug|Any CPU
		{00683F73-1001-4CBE-93E2-C171AA9F2D40}.Debug|Any CPU.Build.0 = Debug|Any CPU
		{00683F73-1001-4CBE-93E2-C171AA9F2D40}.Release|Any CPU.ActiveCfg = Release|Any CPU
		{00683F73-1001-4CBE-93E2-C171AA9F2D40}.Release|Any CPU.Build.0 = Release|Any CPU
	EndGlobalSection
	GlobalSection(SolutionProperties) = preSolution
		HideSolutionNode = FALSE
	EndGlobalSection
	GlobalSection(ExtensibilityGlobals) = postSolution
		SolutionGuid = {818C6706-7639-41BF-8FD9-AAC08B5C7875}
	EndGlobalSection
EndGlobal
